
Microsoft Visual Studio Solution File, Format Version 12.00
# Visual Studio Version 17
VisualStudioVersion = 17.2.32516.85
MinimumVisualStudioVersion = 10.0.40219.1
Project("{9A19103F-16F7-4668-BE54-9A1E7A4F7556}") = "SlabSolver", "SlabSolver\SlabSolver.csproj", "{AD585138-B23D-4174-BF56-28050162F27D}"
EndProject
Project("{9A19103F-16F7-4668-BE54-9A1E7A4F7556}") = "Tests", "Tests\Tests.csproj", "{2D886556-A042-46A0-8E7A-120996C46F3A}"
EndProject
Project("{FAE04EC0-301F-11D3-BF4B-00C04F79EFBC}") = "SlabSolverWinForm", "SlabSolverWinForm\SlabSolverWinForm.csproj", "{C12B1681-E717-44F8-BF06-1767F4D5FA19}"
EndProject
Global
	GlobalSection(SolutionConfigurationPlatforms) = preSolution
		Debug|Any CPU = Debug|Any CPU
		Release|Any CPU = Release|Any CPU
	EndGlobalSection
	GlobalSection(ProjectConfigurationPlatforms) = postSolution
		{AD585138-B23D-4174-BF56-28050162F27D}.Debug|Any CPU.ActiveCfg = Debug|Any CPU
		{AD585138-B23D-4174-BF56-28050162F27D}.Debug|Any CPU.Build.0 = Debug|Any CPU
		{AD585138-B23D-4174-BF56-28050162F27D}.Release|Any CPU.ActiveCfg = Release|Any CPU
		{AD585138-B23D-4174-BF56-28050162F27D}.Release|Any CPU.Build.0 = Release|Any CPU
		{2D886556-A042-46A0-8E7A-120996C46F3A}.Debug|Any CPU.ActiveCfg = Debug|Any CPU
		{2D886556-A042-46A0-8E7A-120996C46F3A}.Debug|Any CPU.Build.0 = Debug|Any CPU
		{2D886556-A042-46A0-8E7A-120996C46F3A}.Release|Any CPU.ActiveCfg = Release|Any CPU
		{2D886556-A042-46A0-8E7A-120996C46F3A}.Release|Any CPU.Build.0 = Release|Any CPU
		{C12B1681-E717-44F8-BF06-1767F4D5FA19}.Debug|Any CPU.ActiveCfg = Debug|Any CPU
		{C12B1681-E717-44F8-BF06-1767F4D5FA19}.Debug|Any CPU.Build.0 = Debug|Any CPU
		{C12B1681-E717-44F8-BF06-1767F4D5FA19}.Release|Any CPU.ActiveCfg = Release|Any CPU
		{C12B1681-E717-44F8-BF06-1767F4D5FA19}.Release|Any CPU.Build.0 = Release|Any CPU
	EndGlobalSection
	GlobalSection(SolutionProperties) = preSolution
		HideSolutionNode = FALSE
	EndGlobalSection
	GlobalSection(ExtensibilityGlobals) = postSolution
		SolutionGuid = {EDF572AE-D6D5-4248-A8BB-A237C70C0AED}
	EndGlobalSection
EndGlobal
